
Microsoft Visual Studio Solution File, Format Version 12.00
# Visual Studio Version 17
VisualStudioVersion = 17.5.33530.505
MinimumVisualStudioVersion = 10.0.40219.1
Project("{FAE04EC0-301F-11D3-BF4B-00C04F79EFBC}") = "PR2_1", "PR2_1\PR2_1.csproj", "{68907559-94A7-4ED1-9E26-0C0FB3185E15}"
EndProject
Global
	GlobalSection(SolutionConfigurationPlatforms) = preSolution
		Debug|Any CPU = Debug|Any CPU
		Release|Any CPU = Release|Any CPU
	EndGlobalSection
	GlobalSection(ProjectConfigurationPlatforms) = postSolution
		{68907559-94A7-4ED1-9E26-0C0FB3185E15}.Debug|Any CPU.ActiveCfg = Debug|Any CPU
		{68907559-94A7-4ED1-9E26-0C0FB3185E15}.Debug|Any CPU.Build.0 = Debug|Any CPU
		{68907559-94A7-4ED1-9E26-0C0FB3185E15}.Release|Any CPU.ActiveCfg = Release|Any CPU
		{68907559-94A7-4ED1-9E26-0C0FB3185E15}.Release|Any CPU.Build.0 = Release|Any CPU
	EndGlobalSection
	GlobalSection(SolutionProperties) = preSolution
		HideSolutionNode = FALSE
	EndGlobalSection
	GlobalSection(ExtensibilityGlobals) = postSolution
		SolutionGuid = {DEB8715B-050A-4093-8DC2-1C82968620CB}
	EndGlobalSection
EndGlobal
